
Microsoft Visual Studio Solution File, Format Version 12.00
# Visual Studio 15
VisualStudioVersion = 15.0.27130.2010
MinimumVisualStudioVersion = 10.0.40219.1
Project("{FAE04EC0-301F-11D3-BF4B-00C04F79EFBC}") = "WmcTvOrganizer", "src\WmcTvOrganizer\WmcTvOrganizer.csproj", "{5EAA64F4-D26F-41ED-8F79-912F5F79FB8E}"
EndProject
Global
	GlobalSection(SolutionConfigurationPlatforms) = preSolution
		Debug|Any CPU = Debug|Any CPU
		Release|Any CPU = Release|Any CPU
	EndGlobalSection
	GlobalSection(ProjectConfigurationPlatforms) = postSolution
		{5EAA64F4-D26F-41ED-8F79-912F5F79FB8E}.Debug|Any CPU.ActiveCfg = Debug|Any CPU
		{5EAA64F4-D26F-41ED-8F79-912F5F79FB8E}.Debug|Any CPU.Build.0 = Debug|Any CPU
		{5EAA64F4-D26F-41ED-8F79-912F5F79FB8E}.Release|Any CPU.ActiveCfg = Release|Any CPU
		{5EAA64F4-D26F-41ED-8F79-912F5F79FB8E}.Release|Any CPU.Build.0 = Release|Any CPU
	EndGlobalSection
	GlobalSection(SolutionProperties) = preSolution
		HideSolutionNode = FALSE
	EndGlobalSection
	GlobalSection(ExtensibilityGlobals) = postSolution
		SolutionGuid = {9D770736-2C97-4DB7-B025-A18CDA5721AB}
	EndGlobalSection
EndGlobal
